// !$*UTF8*$!
{
	archiveVersion = 1;
	classes = {
	};
	objectVersion = 46;
	objects = {

/* Begin PBXBuildFile section */
		01232A751C866E5000F0AD69 /* AppDelegate.swift in Sources */ = {isa = PBXBuildFile; fileRef = 01232A741C866E5000F0AD69 /* AppDelegate.swift */; };
		01232A771C866E5000F0AD69 /* ViewController.swift in Sources */ = {isa = PBXBuildFile; fileRef = 01232A761C866E5000F0AD69 /* ViewController.swift */; };
		01232A7A1C866E5000F0AD69 /* Main.storyboard in Resources */ = {isa = PBXBuildFile; fileRef = 01232A781C866E5000F0AD69 /* Main.storyboard */; };
		01232A7C1C866E5000F0AD69 /* Assets.xcassets in Resources */ = {isa = PBXBuildFile; fileRef = 01232A7B1C866E5000F0AD69 /* Assets.xcassets */; };
		01232A7F1C866E5000F0AD69 /* LaunchScreen.storyboard in Resources */ = {isa = PBXBuildFile; fileRef = 01232A7D1C866E5000F0AD69 /* LaunchScreen.storyboard */; };
		01232A8A1C866E5000F0AD69 /* HamburguesasTests.swift in Sources */ = {isa = PBXBuildFile; fileRef = 01232A891C866E5000F0AD69 /* HamburguesasTests.swift */; };
		01232A951C866E5000F0AD69 /* HamburguesasUITests.swift in Sources */ = {isa = PBXBuildFile; fileRef = 01232A941C866E5000F0AD69 /* HamburguesasUITests.swift */; };
/* End PBXBuildFile section */

/* Begin PBXContainerItemProxy section */
		01232A861C866E5000F0AD69 /* PBXContainerItemProxy */ = {
			isa = PBXContainerItemProxy;
			containerPortal = 01232A691C866E5000F0AD69 /* Project object */;
			proxyType = 1;
			remoteGlobalIDString = 01232A701C866E5000F0AD69;
			remoteInfo = Hamburguesas;
		};
		01232A911C866E5000F0AD69 /* PBXContainerItemProxy */ = {
			isa = PBXContainerItemProxy;
			containerPortal = 01232A691C866E5000F0AD69 /* Project object */;
			proxyType = 1;
			remoteGlobalIDString = 01232A701C866E5000F0AD69;
			remoteInfo = Hamburguesas;
		};
/* End PBXContainerItemProxy section */

/* Begin PBXFileReference section */
		01232A711C866E5000F0AD69 /* Hamburguesas.app */ = {isa = PBXFileReference; explicitFileType = wrapper.application; includeInIndex = 0; path = Hamburguesas.app; sourceTree = BUILT_PRODUCTS_DIR; };
		01232A741C866E5000F0AD69 /* AppDelegate.swift */ = {isa = PBXFileReference; lastKnownFileType = sourcecode.swift; path = AppDelegate.swift; sourceTree = "<group>"; };
		01232A761C866E5000F0AD69 /* ViewController.swift */ = {isa = PBXFileReference; lastKnownFileType = sourcecode.swift; path = ViewController.swift; sourceTree = "<group>"; };
		01232A791C866E5000F0AD69 /* Base */ = {isa = PBXFileReference; lastKnownFileType = file.storyboard; name = Base; path = Base.lproj/Main.storyboard; sourceTree = "<group>"; };
		01232A7B1C866E5000F0AD69 /* Assets.xcassets */ = {isa = PBXFileReference; lastKnownFileType = folder.assetcatalog; path = Assets.xcassets; sourceTree = "<group>"; };
		01232A7E1C866E5000F0AD69 /* Base */ = {isa = PBXFileReference; lastKnownFileType = file.storyboard; name = Base; path = Base.lproj/LaunchScreen.storyboard; sourceTree = "<group>"; };
		01232A801C866E5000F0AD69 /* Info.plist */ = {isa = PBXFileReference; lastKnownFileType = text.plist.xml; path = Info.plist; sourceTree = "<group>"; };
		01232A851C866E5000F0AD69 /* HamburguesasTests.xctest */ = {isa = PBXFileReference; explicitFileType = wrapper.cfbundle; includeInIndex = 0; path = HamburguesasTests.xctest; sourceTree = BUILT_PRODUCTS_DIR; };
		01232A891C866E5000F0AD69 /* HamburguesasTests.swift */ = {isa = PBXFileReference; lastKnownFileType = sourcecode.swift; path = HamburguesasTests.swift; sourceTree = "<group>"; };
		01232A8B1C866E5000F0AD69 /* Info.plist */ = {isa = PBXFileReference; lastKnownFileType = text.plist.xml; path = Info.plist; sourceTree = "<group>"; };
		01232A901C866E5000F0AD69 /* HamburguesasUITests.xctest */ = {isa = PBXFileReference; explicitFileType = wrapper.cfbundle; includeInIndex = 0; path = HamburguesasUITests.xctest; sourceTree = BUILT_PRODUCTS_DIR; };
		01232A941C866E5000F0AD69 /* HamburguesasUITests.swift */ = {isa = PBXFileReference; lastKnownFileType = sourcecode.swift; path = HamburguesasUITests.swift; sourceTree = "<group>"; };
		01232A961C866E5000F0AD69 /* Info.plist */ = {isa = PBXFileReference; lastKnownFileType = text.plist.xml; path = Info.plist; sourceTree = "<group>"; };
/* End PBXFileReference section */

/* Begin PBXFrameworksBuildPhase section */
		01232A6E1C866E5000F0AD69 /* Frameworks */ = {
			isa = PBXFrameworksBuildPhase;
			buildActionMask = 2147483647;
			files = (
			);
			runOnlyForDeploymentPostprocessing = 0;
		};
		01232A821C866E5000F0AD69 /* Frameworks */ = {
			isa = PBXFrameworksBuildPhase;
			buildActionMask = 2147483647;
			files = (
			);
			runOnlyForDeploymentPostprocessing = 0;
		};
		01232A8D1C866E5000F0AD69 /* Frameworks */ = {
			isa = PBXFrameworksBuildPhase;
			buildActionMask = 2147483647;
			files = (
			);
			runOnlyForDeploymentPostprocessing = 0;
		};
/* End PBXFrameworksBuildPhase section */

/* Begin PBXGroup section */
		01232A681C866E5000F0AD69 = {
			isa = PBXGroup;
			children = (
				01232A731C866E5000F0AD69 /* Hamburguesas */,
				01232A881C866E5000F0AD69 /* HamburguesasTests */,
				01232A931C866E5000F0AD69 /* HamburguesasUITests */,
				01232A721C866E5000F0AD69 /* Products */,
			);
			sourceTree = "<group>";
		};
		01232A721C866E5000F0AD69 /* Products */ = {
			isa = PBXGroup;
			children = (
				01232A711C866E5000F0AD69 /* Hamburguesas.app */,
				01232A851C866E5000F0AD69 /* HamburguesasTests.xctest */,
				01232A901C866E5000F0AD69 /* HamburguesasUITests.xctest */,
			);
			name = Products;
			sourceTree = "<group>";
		};
		01232A731C866E5000F0AD69 /* Hamburguesas */ = {
			isa = PBXGroup;
			children = (
				01232A741C866E5000F0AD69 /* AppDelegate.swift */,
				01232A761C866E5000F0AD69 /* ViewController.swift */,
				01232A781C866E5000F0AD69 /* Main.storyboard */,
				01232A7B1C866E5000F0AD69 /* Assets.xcassets */,
				01232A7D1C866E5000F0AD69 /* LaunchScreen.storyboard */,
				01232A801C866E5000F0AD69 /* Info.plist */,
			);
			path = Hamburguesas;
			sourceTree = "<group>";
		};
		01232A881C866E5000F0AD69 /* HamburguesasTests */ = {
			isa = PBXGroup;
			children = (
				01232A891C866E5000F0AD69 /* HamburguesasTests.swift */,
				01232A8B1C866E5000F0AD69 /* Info.plist */,
			);
			path = HamburguesasTests;
			sourceTree = "<group>";
		};
		01232A931C866E5000F0AD69 /* HamburguesasUITests */ = {
			isa = PBXGroup;
			children = (
				01232A941C866E5000F0AD69 /* HamburguesasUITests.swift */,
				01232A961C866E5000F0AD69 /* Info.plist */,
			);
			path = HamburguesasUITests;
			sourceTree = "<group>";
		};
/* End PBXGroup section */

/* Begin PBXNativeTarget section */
		01232A701C866E5000F0AD69 /* Hamburguesas */ = {
			isa = PBXNativeTarget;
			buildConfigurationList = 01232A991C866E5000F0AD69 /* Build configuration list for PBXNativeTarget "Hamburguesas" */;
			buildPhases = (
				01232A6D1C866E5000F0AD69 /* Sources */,
				01232A6E1C866E5000F0AD69 /* Frameworks */,
				01232A6F1C866E5000F0AD69 /* Resources */,
			);
			buildRules = (
			);
			dependencies = (
			);
			name = Hamburguesas;
			productName = Hamburguesas;
			productReference = 01232A711C866E5000F0AD69 /* Hamburguesas.app */;
			productType = "com.apple.product-type.application";
		};
		01232A841C866E5000F0AD69 /* HamburguesasTests */ = {
			isa = PBXNativeTarget;
			buildConfigurationList = 01232A9C1C866E5000F0AD69 /* Build configuration list for PBXNativeTarget "HamburguesasTests" */;
			buildPhases = (
				01232A811C866E5000F0AD69 /* Sources */,
				01232A821C866E5000F0AD69 /* Frameworks */,
				01232A831C866E5000F0AD69 /* Resources */,
			);
			buildRules = (
			);
			dependencies = (
				01232A871C866E5000F0AD69 /* PBXTargetDependency */,
			);
			name = HamburguesasTests;
			productName = HamburguesasTests;
			productReference = 01232A851C866E5000F0AD69 /* HamburguesasTests.xctest */;
			productType = "com.apple.product-type.bundle.unit-test";
		};
		01232A8F1C866E5000F0AD69 /* HamburguesasUITests */ = {
			isa = PBXNativeTarget;
			buildConfigurationList = 01232A9F1C866E5000F0AD69 /* Build configuration list for PBXNativeTarget "HamburguesasUITests" */;
			buildPhases = (
				01232A8C1C866E5000F0AD69 /* Sources */,
				01232A8D1C866E5000F0AD69 /* Frameworks */,
				01232A8E1C866E5000F0AD69 /* Resources */,
			);
			buildRules = (
			);
			dependencies = (
				01232A921C866E5000F0AD69 /* PBXTargetDependency */,
			);
			name = HamburguesasUITests;
			productName = HamburguesasUITests;
			productReference = 01232A901C866E5000F0AD69 /* HamburguesasUITests.xctest */;
			productType = "com.apple.product-type.bundle.ui-testing";
		};
/* End PBXNativeTarget section */

/* Begin PBXProject section */
		01232A691C866E5000F0AD69 /* Project object */ = {
			isa = PBXProject;
			attributes = {
				LastSwiftUpdateCheck = 0720;
				LastUpgradeCheck = 0720;
				ORGANIZATIONNAME = ingzamora;
				TargetAttributes = {
					01232A701C866E5000F0AD69 = {
						CreatedOnToolsVersion = 7.2.1;
					};
					01232A841C866E5000F0AD69 = {
						CreatedOnToolsVersion = 7.2.1;
						TestTargetID = 01232A701C866E5000F0AD69;
					};
					01232A8F1C866E5000F0AD69 = {
						CreatedOnToolsVersion = 7.2.1;
						TestTargetID = 01232A701C866E5000F0AD69;
					};
				};
			};
			buildConfigurationList = 01232A6C1C866E5000F0AD69 /* Build configuration list for PBXProject "Hamburguesas" */;
			compatibilityVersion = "Xcode 3.2";
			developmentRegion = English;
			hasScannedForEncodings = 0;
			knownRegions = (
				en,
				Base,
			);
			mainGroup = 01232A681C866E5000F0AD69;
			productRefGroup = 01232A721C866E5000F0AD69 /* Products */;
			projectDirPath = "";
			projectRoot = "";
			targets = (
				01232A701C866E5000F0AD69 /* Hamburguesas */,
				01232A841C866E5000F0AD69 /* HamburguesasTests */,
				01232A8F1C866E5000F0AD69 /* HamburguesasUITests */,
			);
		};
/* End PBXProject section */

/* Begin PBXResourcesBuildPhase section */
		01232A6F1C866E5000F0AD69 /* Resources */ = {
			isa = PBXResourcesBuildPhase;
			buildActionMask = 2147483647;
			files = (
				01232A7F1C866E5000F0AD69 /* LaunchScreen.storyboard in Resources */,
				01232A7C1C866E5000F0AD69 /* Assets.xcassets in Resources */,
				01232A7A1C866E5000F0AD69 /* Main.storyboard in Resources */,
			);
			runOnlyForDeploymentPostprocessing = 0;
		};
		01232A831C866E5000F0AD69 /* Resources */ = {
			isa = PBXResourcesBuildPhase;
			buildActionMask = 2147483647;
			files = (
			);
			runOnlyForDeploymentPostprocessing = 0;
		};
		01232A8E1C866E5000F0AD69 /* Resources */ = {
			isa = PBXResourcesBuildPhase;
			buildActionMask = 2147483647;
			files = (
			);
			runOnlyForDeploymentPostprocessing = 0;
		};
/* End PBXResourcesBuildPhase section */

/* Begin PBXSourcesBuildPhase section */
		01232A6D1C866E5000F0AD69 /* Sources */ = {
			isa = PBXSourcesBuildPhase;
			buildActionMask = 2147483647;
			files = (
				01232A771C866E5000F0AD69 /* ViewController.swift in Sources */,
				01232A751C866E5000F0AD69 /* AppDelegate.swift in Sources */,
			);
			runOnlyForDeploymentPostprocessing = 0;
		};
		01232A811C866E5000F0AD69 /* Sources */ = {
			isa = PBXSourcesBuildPhase;
			buildActionMask = 2147483647;
			files = (
				01232A8A1C866E5000F0AD69 /* HamburguesasTests.swift in Sources */,
			);
			runOnlyForDeploymentPostprocessing = 0;
		};
		01232A8C1C866E5000F0AD69 /* Sources */ = {
			isa = PBXSourcesBuildPhase;
			buildActionMask = 2147483647;
			files = (
				01232A951C866E5000F0AD69 /* HamburguesasUITests.swift in Sources */,
			);
			runOnlyForDeploymentPostprocessing = 0;
		};
/* End PBXSourcesBuildPhase section */

/* Begin PBXTargetDependency section */
		01232A871C866E5000F0AD69 /* PBXTargetDependency */ = {
			isa = PBXTargetDependency;
			target = 01232A701C866E5000F0AD69 /* Hamburguesas */;
			targetProxy = 01232A861C866E5000F0AD69 /* PBXContainerItemProxy */;
		};
		01232A921C866E5000F0AD69 /* PBXTargetDependency */ = {
			isa = PBXTargetDependency;
			target = 01232A701C866E5000F0AD69 /* Hamburguesas */;
			targetProxy = 01232A911C866E5000F0AD69 /* PBXContainerItemProxy */;
		};
/* End PBXTargetDependency section */

/* Begin PBXVariantGroup section */
		01232A781C866E5000F0AD69 /* Main.storyboard */ = {
			isa = PBXVariantGroup;
			children = (
				01232A791C866E5000F0AD69 /* Base */,
			);
			name = Main.storyboard;
			sourceTree = "<group>";
		};
		01232A7D1C866E5000F0AD69 /* LaunchScreen.storyboard */ = {
			isa = PBXVariantGroup;
			children = (
				01232A7E1C866E5000F0AD69 /* Base */,
			);
			name = LaunchScreen.storyboard;
			sourceTree = "<group>";
		};
/* End PBXVariantGroup section */

/* Begin XCBuildConfiguration section */
		01232A971C866E5000F0AD69 /* Debug */ = {
			isa = XCBuildConfiguration;
			buildSettings = {
				ALWAYS_SEARCH_USER_PATHS = NO;
				CLANG_CXX_LANGUAGE_STANDARD = "gnu++0x";
				CLANG_CXX_LIBRARY = "libc++";
				CLANG_ENABLE_MODULES = YES;
				CLANG_ENABLE_OBJC_ARC = YES;
				CLANG_WARN_BOOL_CONVERSION = YES;
				CLANG_WARN_CONSTANT_CONVERSION = YES;
				CLANG_WARN_DIRECT_OBJC_ISA_USAGE = YES_ERROR;
				CLANG_WARN_EMPTY_BODY = YES;
				CLANG_WARN_ENUM_CONVERSION = YES;
				CLANG_WARN_INT_CONVERSION = YES;
				CLANG_WARN_OBJC_ROOT_CLASS = YES_ERROR;
				CLANG_WARN_UNREACHABLE_CODE = YES;
				CLANG_WARN__DUPLICATE_METHOD_MATCH = YES;
				"CODE_SIGN_IDENTITY[sdk=iphoneos*]" = "iPhone Developer";
				COPY_PHASE_STRIP = NO;
				DEBUG_INFORMATION_FORMAT = dwarf;
				ENABLE_STRICT_OBJC_MSGSEND = YES;
				ENABLE_TESTABILITY = YES;
				GCC_C_LANGUAGE_STANDARD = gnu99;
				GCC_DYNAMIC_NO_PIC = NO;
				GCC_NO_COMMON_BLOCKS = YES;
				GCC_OPTIMIZATION_LEVEL = 0;
				GCC_PREPROCESSOR_DEFINITIONS = (
					"DEBUG=1",
					"$(inherited)",
				);
				GCC_WARN_64_TO_32_BIT_CONVERSION = YES;
				GCC_WARN_ABOUT_RETURN_TYPE = YES_ERROR;
				GCC_WARN_UNDECLARED_SELECTOR = YES;
				GCC_WARN_UNINITIALIZED_AUTOS = YES_AGGRESSIVE;
				GCC_WARN_UNUSED_FUNCTION = YES;
				GCC_WARN_UNUSED_VARIABLE = YES;
				IPHONEOS_DEPLOYMENT_TARGET = 9.2;
				MTL_ENABLE_DEBUG_INFO = YES;
				ONLY_ACTIVE_ARCH = YES;
				SDKROOT = iphoneos;
				SWIFT_OPTIMIZATION_LEVEL = "-Onone";
			};
			name = Debug;
		};
		01232A981C866E5000F0AD69 /* Release */ = {
			isa = XCBuildConfiguration;
			buildSettings = {
				ALWAYS_SEARCH_USER_PATHS = NO;
				CLANG_CXX_LANGUAGE_STANDARD = "gnu++0x";
				CLANG_CXX_LIBRARY = "libc++";
				CLANG_ENABLE_MODULES = YES;
				CLANG_ENABLE_OBJC_ARC = YES;
				CLANG_WARN_BOOL_CONVERSION = YES;
				CLANG_WARN_CONSTANT_CONVERSION = YES;
				CLANG_WARN_DIRECT_OBJC_ISA_USAGE = YES_ERROR;
				CLANG_WARN_EMPTY_BODY = YES;
				CLANG_WARN_ENUM_CONVERSION = YES;
				CLANG_WARN_INT_CONVERSION = YES;
				CLANG_WARN_OBJC_ROOT_CLASS = YES_ERROR;
				CLANG_WARN_UNREACHABLE_CODE = YES;
				CLANG_WARN__DUPLICATE_METHOD_MATCH = YES;
				"CODE_SIGN_IDENTITY[sdk=iphoneos*]" = "iPhone Developer";
				COPY_PHASE_STRIP = NO;
				DEBUG_INFORMATION_FORMAT = "dwarf-with-dsym";
				ENABLE_NS_ASSERTIONS = NO;
				ENABLE_STRICT_OBJC_MSGSEND = YES;
				GCC_C_LANGUAGE_STANDARD = gnu99;
				GCC_NO_COMMON_BLOCKS = YES;
				GCC_WARN_64_TO_32_BIT_CONVERSION = YES;
				GCC_WARN_ABOUT_RETURN_TYPE = YES_ERROR;
				GCC_WARN_UNDECLARED_SELECTOR = YES;
				GCC_WARN_UNINITIALIZED_AUTOS = YES_AGGRESSIVE;
				GCC_WARN_UNUSED_FUNCTION = YES;
				GCC_WARN_UNUSED_VARIABLE = YES;
				IPHONEOS_DEPLOYMENT_TARGET = 9.2;
				MTL_ENABLE_DEBUG_INFO = NO;
				SDKROOT = iphoneos;
				VALIDATE_PRODUCT = YES;
			};
			name = Release;
		};
		01232A9A1C866E5000F0AD69 /* Debug */ = {
			isa = XCBuildConfiguration;
			buildSettings = {
				ASSETCATALOG_COMPILER_APPICON_NAME = AppIcon;
				INFOPLIST_FILE = Hamburguesas/Info.plist;
				LD_RUNPATH_SEARCH_PATHS = "$(inherited) @executable_path/Frameworks";
				PRODUCT_BUNDLE_IDENTIFIER = com.softkab.Hamburguesas;
				PRODUCT_NAME = "$(TARGET_NAME)";
			};
			name = Debug;
		};
		01232A9B1C866E5000F0AD69 /* Release */ = {
			isa = XCBuildConfiguration;
			buildSettings = {
				ASSETCATALOG_COMPILER_APPICON_NAME = AppIcon;
				INFOPLIST_FILE = Hamburguesas/Info.plist;
				LD_RUNPATH_SEARCH_PATHS = "$(inherited) @executable_path/Frameworks";
				PRODUCT_BUNDLE_IDENTIFIER = com.softkab.Hamburguesas;
				PRODUCT_NAME = "$(TARGET_NAME)";
			};
			name = Release;
		};
		01232A9D1C866E5000F0AD69 /* Debug */ = {
			isa = XCBuildConfiguration;
			buildSettings = {
				BUNDLE_LOADER = "$(TEST_HOST)";
				INFOPLIST_FILE = HamburguesasTests/Info.plist;
				LD_RUNPATH_SEARCH_PATHS = "$(inherited) @executable_path/Frameworks @loader_path/Frameworks";
				PRODUCT_BUNDLE_IDENTIFIER = com.softkab.HamburguesasTests;
				PRODUCT_NAME = "$(TARGET_NAME)";
				TEST_HOST = "$(BUILT_PRODUCTS_DIR)/Hamburguesas.app/Hamburguesas";
			};
			name = Debug;
		};
		01232A9E1C866E5000F0AD69 /* Release */ = {
			isa = XCBuildConfiguration;
			buildSettings = {
				BUNDLE_LOADER = "$(TEST_HOST)";
				INFOPLIST_FILE = HamburguesasTests/Info.plist;
				LD_RUNPATH_SEARCH_PATHS = "$(inherited) @executable_path/Frameworks @loader_path/Frameworks";
				PRODUCT_BUNDLE_IDENTIFIER = com.softkab.HamburguesasTests;
				PRODUCT_NAME = "$(TARGET_NAME)";
				TEST_HOST = "$(BUILT_PRODUCTS_DIR)/Hamburguesas.app/Hamburguesas";
			};
			name = Release;
		};
		01232AA01C866E5000F0AD69 /* Debug */ = {
			isa = XCBuildConfiguration;
			buildSettings = {
				INFOPLIST_FILE = HamburguesasUITests/Info.plist;
				LD_RUNPATH_SEARCH_PATHS = "$(inherited) @executable_path/Frameworks @loader_path/Frameworks";
				PRODUCT_BUNDLE_IDENTIFIER = com.softkab.HamburguesasUITests;
				PRODUCT_NAME = "$(TARGET_NAME)";
				TEST_TARGET_NAME = Hamburguesas;
				USES_XCTRUNNER = YES;
			};
			name = Debug;
		};
		01232AA11C866E5000F0AD69 /* Release */ = {
			isa = XCBuildConfiguration;
			buildSettings = {
				INFOPLIST_FILE = HamburguesasUITests/Info.plist;
				LD_RUNPATH_SEARCH_PATHS = "$(inherited) @executable_path/Frameworks @loader_path/Frameworks";
				PRODUCT_BUNDLE_IDENTIFIER = com.softkab.HamburguesasUITests;
				PRODUCT_NAME = "$(TARGET_NAME)";
				TEST_TARGET_NAME = Hamburguesas;
				USES_XCTRUNNER = YES;
			};
			name = Release;
		};
/* End XCBuildConfiguration section */

/* Begin XCConfigurationList section */
		01232A6C1C866E5000F0AD69 /* Build configuration list for PBXProject "Hamburguesas" */ = {
			isa = XCConfigurationList;
			buildConfigurations = (
				01232A971C866E5000F0AD69 /* Debug */,
				01232A981C866E5000F0AD69 /* Release */,
			);
			defaultConfigurationIsVisible = 0;
			defaultConfigurationName = Release;
		};
		01232A991C866E5000F0AD69 /* Build configuration list for PBXNativeTarget "Hamburguesas" */ = {
			isa = XCConfigurationList;
			buildConfigurations = (
				01232A9A1C866E5000F0AD69 /* Debug */,
				01232A9B1C866E5000F0AD69 /* Release */,
			);
			defaultConfigurationIsVisible = 0;
		};
		01232A9C1C866E5000F0AD69 /* Build configuration list for PBXNativeTarget "HamburguesasTests" */ = {
			isa = XCConfigurationList;
			buildConfigurations = (
				01232A9D1C866E5000F0AD69 /* Debug */,
				01232A9E1C866E5000F0AD69 /* Release */,
			);
			defaultConfigurationIsVisible = 0;
		};
		01232A9F1C866E5000F0AD69 /* Build configuration list for PBXNativeTarget "HamburguesasUITests" */ = {
			isa = XCConfigurationList;
			buildConfigurations = (
				01232AA01C866E5000F0AD69 /* Debug */,
				01232AA11C866E5000F0AD69 /* Release */,
			);
			defaultConfigurationIsVisible = 0;
		};
/* End XCConfigurationList section */
	};
	rootObject = 01232A691C866E5000F0AD69 /* Project object */;
}
